{
    "name": "post",
    "lockfileVersion": 3,
    "requires": true,
    "packages": {
        "": {
            "dependencies": {
                "@toast-ui/editor": "^3.2.2",
                "codemirror": "^5.65.16"
            },
            "devDependencies": {
                "axios": "^1.6.4",
                "laravel-vite-plugin": "^1.0",
                "vite": "^5.0"
            }
        },
        "node_modules/@esbuild/win32-x64": {
            "version": "0.21.5",
            "cpu": [
                "x64"
            ],
            "dev": true,
            "license": "MIT",
            "optional": true,
            "os": [
                "win32"
            ],
            "engines": {
                "node": ">=12"
            }
        },
        "node_modules/@rollup/rollup-win32-x64-msvc": {
            "version": "4.18.1",
            "cpu": [
                "x64"
            ],
            "dev": true,
            "license": "MIT",
            "optional": true,
            "os": [
                "win32"
            ]
        },
        "node_modules/@toast-ui/editor": {
            "version": "3.2.2",
            "resolved": "https://registry.npmjs.org/@toast-ui/editor/-/editor-3.2.2.tgz",
            "integrity": "sha512-ASX7LFjN2ZYQJrwmkUajPs7DRr9FsM1+RQ82CfTO0Y5ZXorBk1VZS4C2Dpxinx9kl55V4F8/A2h2QF4QMDtRbA==",
            "license": "MIT",
            "dependencies": {
                "dompurify": "^2.3.3",
                "prosemirror-commands": "^1.1.9",
                "prosemirror-history": "^1.1.3",
                "prosemirror-inputrules": "^1.1.3",
                "prosemirror-keymap": "^1.1.4",
                "prosemirror-model": "^1.14.1",
                "prosemirror-state": "^1.3.4",
                "prosemirror-view": "^1.18.7"
            }
        },
        "node_modules/@types/estree": {
            "version": "1.0.5",
            "dev": true,
            "license": "MIT"
        },
        "node_modules/asynckit": {
            "version": "0.4.0",
            "dev": true,
            "license": "MIT"
        },
        "node_modules/axios": {
            "version": "1.7.2",
            "dev": true,
            "license": "MIT",
            "dependencies": {
                "follow-redirects": "^1.15.6",
                "form-data": "^4.0.0",
                "proxy-from-env": "^1.1.0"
            }
        },
        "node_modules/codemirror": {
            "version": "5.65.16",
            "resolved": "https://registry.npmjs.org/codemirror/-/codemirror-5.65.16.tgz",
            "integrity": "sha512-br21LjYmSlVL0vFCPWPfhzUCT34FM/pAdK7rRIZwa0rrtrIdotvP4Oh4GUHsu2E3IrQMCfRkL/fN3ytMNxVQvg==",
            "license": "MIT"
        },
        "node_modules/combined-stream": {
            "version": "1.0.8",
            "dev": true,
            "license": "MIT",
            "dependencies": {
                "delayed-stream": "~1.0.0"
            },
            "engines": {
                "node": ">= 0.8"
            }
        },
        "node_modules/delayed-stream": {
            "version": "1.0.0",
            "dev": true,
            "license": "MIT",
            "engines": {
                "node": ">=0.4.0"
            }
        },
        "node_modules/dompurify": {
            "version": "2.5.6",
            "resolved": "https://registry.npmjs.org/dompurify/-/dompurify-2.5.6.tgz",
            "integrity": "sha512-zUTaUBO8pY4+iJMPE1B9XlO2tXVYIcEA4SNGtvDELzTSCQO7RzH+j7S180BmhmJId78lqGU2z19vgVx2Sxs/PQ==",
            "license": "(MPL-2.0 OR Apache-2.0)"
        },
        "node_modules/esbuild": {
            "version": "0.21.5",
            "dev": true,
            "hasInstallScript": true,
            "license": "MIT",
            "bin": {
                "esbuild": "bin/esbuild"
            },
            "engines": {
                "node": ">=12"
            },
            "optionalDependencies": {
                "@esbuild/aix-ppc64": "0.21.5",
                "@esbuild/android-arm": "0.21.5",
                "@esbuild/android-arm64": "0.21.5",
                "@esbuild/android-x64": "0.21.5",
                "@esbuild/darwin-arm64": "0.21.5",
                "@esbuild/darwin-x64": "0.21.5",
                "@esbuild/freebsd-arm64": "0.21.5",
                "@esbuild/freebsd-x64": "0.21.5",
                "@esbuild/linux-arm": "0.21.5",
                "@esbuild/linux-arm64": "0.21.5",
                "@esbuild/linux-ia32": "0.21.5",
                "@esbuild/linux-loong64": "0.21.5",
                "@esbuild/linux-mips64el": "0.21.5",
                "@esbuild/linux-ppc64": "0.21.5",
                "@esbuild/linux-riscv64": "0.21.5",
                "@esbuild/linux-s390x": "0.21.5",
                "@esbuild/linux-x64": "0.21.5",
                "@esbuild/netbsd-x64": "0.21.5",
                "@esbuild/openbsd-x64": "0.21.5",
                "@esbuild/sunos-x64": "0.21.5",
                "@esbuild/win32-arm64": "0.21.5",
                "@esbuild/win32-ia32": "0.21.5",
                "@esbuild/win32-x64": "0.21.5"
            }
        },
        "node_modules/follow-redirects": {
            "version": "1.15.6",
            "dev": true,
            "funding": [
                {
                    "type": "individual",
                    "url": "https://github.com/sponsors/RubenVerborgh"
                }
            ],
            "license": "MIT",
            "engines": {
                "node": ">=4.0"
            },
            "peerDependenciesMeta": {
                "debug": {
                    "optional": true
                }
            }
        },
        "node_modules/form-data": {
            "version": "4.0.0",
            "dev": true,
            "license": "MIT",
            "dependencies": {
                "asynckit": "^0.4.0",
                "combined-stream": "^1.0.8",
                "mime-types": "^2.1.12"
            },
            "engines": {
                "node": ">= 6"
            }
        },
        "node_modules/laravel-vite-plugin": {
            "version": "1.0.4",
            "dev": true,
            "license": "MIT",
            "dependencies": {
                "picocolors": "^1.0.0",
                "vite-plugin-full-reload": "^1.1.0"
            },
            "bin": {
                "clean-orphaned-assets": "bin/clean.js"
            },
            "engines": {
                "node": "^18.0.0 || >=20.0.0"
            },
            "peerDependencies": {
                "vite": "^5.0.0"
            }
        },
        "node_modules/mime-db": {
            "version": "1.52.0",
            "dev": true,
            "license": "MIT",
            "engines": {
                "node": ">= 0.6"
            }
        },
        "node_modules/mime-types": {
            "version": "2.1.35",
            "dev": true,
            "license": "MIT",
            "dependencies": {
                "mime-db": "1.52.0"
            },
            "engines": {
                "node": ">= 0.6"
            }
        },
        "node_modules/nanoid": {
            "version": "3.3.7",
            "dev": true,
            "funding": [
                {
                    "type": "github",
                    "url": "https://github.com/sponsors/ai"
                }
            ],
            "license": "MIT",
            "bin": {
                "nanoid": "bin/nanoid.cjs"
            },
            "engines": {
                "node": "^10 || ^12 || ^13.7 || ^14 || >=15.0.1"
            }
        },
        "node_modules/orderedmap": {
            "version": "2.1.1",
            "resolved": "https://registry.npmjs.org/orderedmap/-/orderedmap-2.1.1.tgz",
            "integrity": "sha512-TvAWxi0nDe1j/rtMcWcIj94+Ffe6n7zhow33h40SKxmsmozs6dz/e+EajymfoFcHd7sxNn8yHM8839uixMOV6g==",
            "license": "MIT"
        },
        "node_modules/picocolors": {
            "version": "1.0.1",
            "dev": true,
            "license": "ISC"
        },
        "node_modules/picomatch": {
            "version": "2.3.1",
            "dev": true,
            "license": "MIT",
            "engines": {
                "node": ">=8.6"
            },
            "funding": {
                "url": "https://github.com/sponsors/jonschlinkert"
            }
        },
        "node_modules/postcss": {
            "version": "8.4.39",
            "dev": true,
            "funding": [
                {
                    "type": "opencollective",
                    "url": "https://opencollective.com/postcss/"
                },
                {
                    "type": "tidelift",
                    "url": "https://tidelift.com/funding/github/npm/postcss"
                },
                {
                    "type": "github",
                    "url": "https://github.com/sponsors/ai"
                }
            ],
            "license": "MIT",
            "dependencies": {
                "nanoid": "^3.3.7",
                "picocolors": "^1.0.1",
                "source-map-js": "^1.2.0"
            },
            "engines": {
                "node": "^10 || ^12 || >=14"
            }
        },
        "node_modules/prosemirror-commands": {
            "version": "1.5.2",
            "resolved": "https://registry.npmjs.org/prosemirror-commands/-/prosemirror-commands-1.5.2.tgz",
            "integrity": "sha512-hgLcPaakxH8tu6YvVAaILV2tXYsW3rAdDR8WNkeKGcgeMVQg3/TMhPdVoh7iAmfgVjZGtcOSjKiQaoeKjzd2mQ==",
            "license": "MIT",
            "dependencies": {
                "prosemirror-model": "^1.0.0",
                "prosemirror-state": "^1.0.0",
                "prosemirror-transform": "^1.0.0"
            }
        },
        "node_modules/prosemirror-history": {
            "version": "1.4.1",
            "resolved": "https://registry.npmjs.org/prosemirror-history/-/prosemirror-history-1.4.1.tgz",
            "integrity": "sha512-2JZD8z2JviJrboD9cPuX/Sv/1ChFng+xh2tChQ2X4bB2HeK+rra/bmJ3xGntCcjhOqIzSDG6Id7e8RJ9QPXLEQ==",
            "license": "MIT",
            "dependencies": {
                "prosemirror-state": "^1.2.2",
                "prosemirror-transform": "^1.0.0",
                "prosemirror-view": "^1.31.0",
                "rope-sequence": "^1.3.0"
            }
        },
        "node_modules/prosemirror-inputrules": {
            "version": "1.4.0",
            "resolved": "https://registry.npmjs.org/prosemirror-inputrules/-/prosemirror-inputrules-1.4.0.tgz",
            "integrity": "sha512-6ygpPRuTJ2lcOXs9JkefieMst63wVJBgHZGl5QOytN7oSZs3Co/BYbc3Yx9zm9H37Bxw8kVzCnDsihsVsL4yEg==",
            "license": "MIT",
            "dependencies": {
                "prosemirror-state": "^1.0.0",
                "prosemirror-transform": "^1.0.0"
            }
        },
        "node_modules/prosemirror-keymap": {
            "version": "1.2.2",
            "resolved": "https://registry.npmjs.org/prosemirror-keymap/-/prosemirror-keymap-1.2.2.tgz",
            "integrity": "sha512-EAlXoksqC6Vbocqc0GtzCruZEzYgrn+iiGnNjsJsH4mrnIGex4qbLdWWNza3AW5W36ZRrlBID0eM6bdKH4OStQ==",
            "license": "MIT",
            "dependencies": {
                "prosemirror-state": "^1.0.0",
                "w3c-keyname": "^2.2.0"
            }
        },
        "node_modules/prosemirror-model": {
            "version": "1.21.3",
            "resolved": "https://registry.npmjs.org/prosemirror-model/-/prosemirror-model-1.21.3.tgz",
            "integrity": "sha512-nt2Xs/RNGepD9hrrkzXvtCm1mpGJoQfFSPktGa0BF/aav6XsnmVGZ9sTXNWRLupAz5SCLa3EyKlFeK7zJWROKg==",
            "license": "MIT",
            "dependencies": {
                "orderedmap": "^2.0.0"
            }
        },
        "node_modules/prosemirror-state": {
            "version": "1.4.3",
            "resolved": "https://registry.npmjs.org/prosemirror-state/-/prosemirror-state-1.4.3.tgz",
            "integrity": "sha512-goFKORVbvPuAQaXhpbemJFRKJ2aixr+AZMGiquiqKxaucC6hlpHNZHWgz5R7dS4roHiwq9vDctE//CZ++o0W1Q==",
            "license": "MIT",
            "dependencies": {
                "prosemirror-model": "^1.0.0",
                "prosemirror-transform": "^1.0.0",
                "prosemirror-view": "^1.27.0"
            }
        },
        "node_modules/prosemirror-transform": {
            "version": "1.9.0",
            "resolved": "https://registry.npmjs.org/prosemirror-transform/-/prosemirror-transform-1.9.0.tgz",
            "integrity": "sha512-5UXkr1LIRx3jmpXXNKDhv8OyAOeLTGuXNwdVfg8x27uASna/wQkr9p6fD3eupGOi4PLJfbezxTyi/7fSJypXHg==",
            "license": "MIT",
            "dependencies": {
                "prosemirror-model": "^1.21.0"
            }
        },
        "node_modules/prosemirror-view": {
            "version": "1.33.8",
            "resolved": "https://registry.npmjs.org/prosemirror-view/-/prosemirror-view-1.33.8.tgz",
            "integrity": "sha512-4PhMr/ufz2cdvFgpUAnZfs+0xij3RsFysreeG9V/utpwX7AJtYCDVyuRxzWoMJIEf4C7wVihuBNMPpFLPCiLQw==",
            "license": "MIT",
            "dependencies": {
                "prosemirror-model": "^1.20.0",
                "prosemirror-state": "^1.0.0",
                "prosemirror-transform": "^1.1.0"
            }
        },
        "node_modules/proxy-from-env": {
            "version": "1.1.0",
            "dev": true,
            "license": "MIT"
        },
        "node_modules/rollup": {
            "version": "4.18.1",
            "dev": true,
            "license": "MIT",
            "dependencies": {
                "@types/estree": "1.0.5"
            },
            "bin": {
                "rollup": "dist/bin/rollup"
            },
            "engines": {
                "node": ">=18.0.0",
                "npm": ">=8.0.0"
            },
            "optionalDependencies": {
                "@rollup/rollup-android-arm-eabi": "4.18.1",
                "@rollup/rollup-android-arm64": "4.18.1",
                "@rollup/rollup-darwin-arm64": "4.18.1",
                "@rollup/rollup-darwin-x64": "4.18.1",
                "@rollup/rollup-linux-arm-gnueabihf": "4.18.1",
                "@rollup/rollup-linux-arm-musleabihf": "4.18.1",
                "@rollup/rollup-linux-arm64-gnu": "4.18.1",
                "@rollup/rollup-linux-arm64-musl": "4.18.1",
                "@rollup/rollup-linux-powerpc64le-gnu": "4.18.1",
                "@rollup/rollup-linux-riscv64-gnu": "4.18.1",
                "@rollup/rollup-linux-s390x-gnu": "4.18.1",
                "@rollup/rollup-linux-x64-gnu": "4.18.1",
                "@rollup/rollup-linux-x64-musl": "4.18.1",
                "@rollup/rollup-win32-arm64-msvc": "4.18.1",
                "@rollup/rollup-win32-ia32-msvc": "4.18.1",
                "@rollup/rollup-win32-x64-msvc": "4.18.1",
                "fsevents": "~2.3.2"
            }
        },
        "node_modules/rope-sequence": {
            "version": "1.3.4",
            "resolved": "https://registry.npmjs.org/rope-sequence/-/rope-sequence-1.3.4.tgz",
            "integrity": "sha512-UT5EDe2cu2E/6O4igUr5PSFs23nvvukicWHx6GnOPlHAiiYbzNuCRQCuiUdHJQcqKalLKlrYJnjY0ySGsXNQXQ==",
            "license": "MIT"
        },
        "node_modules/source-map-js": {
            "version": "1.2.0",
            "dev": true,
            "license": "BSD-3-Clause",
            "engines": {
                "node": ">=0.10.0"
            }
        },
        "node_modules/vite": {
            "version": "5.3.3",
            "dev": true,
            "license": "MIT",
            "dependencies": {
                "esbuild": "^0.21.3",
                "postcss": "^8.4.39",
                "rollup": "^4.13.0"
            },
            "bin": {
                "vite": "bin/vite.js"
            },
            "engines": {
                "node": "^18.0.0 || >=20.0.0"
            },
            "funding": {
                "url": "https://github.com/vitejs/vite?sponsor=1"
            },
            "optionalDependencies": {
                "fsevents": "~2.3.3"
            },
            "peerDependencies": {
                "@types/node": "^18.0.0 || >=20.0.0",
                "less": "*",
                "lightningcss": "^1.21.0",
                "sass": "*",
                "stylus": "*",
                "sugarss": "*",
                "terser": "^5.4.0"
            },
            "peerDependenciesMeta": {
                "@types/node": {
                    "optional": true
                },
                "less": {
                    "optional": true
                },
                "lightningcss": {
                    "optional": true
                },
                "sass": {
                    "optional": true
                },
                "stylus": {
                    "optional": true
                },
                "sugarss": {
                    "optional": true
                },
                "terser": {
                    "optional": true
                }
            }
        },
        "node_modules/vite-plugin-full-reload": {
            "version": "1.1.0",
            "dev": true,
            "license": "MIT",
            "dependencies": {
                "picocolors": "^1.0.0",
                "picomatch": "^2.3.1"
            }
        },
        "node_modules/w3c-keyname": {
            "version": "2.2.8",
            "resolved": "https://registry.npmjs.org/w3c-keyname/-/w3c-keyname-2.2.8.tgz",
            "integrity": "sha512-dpojBhNsCNN7T82Tm7k26A6G9ML3NkhDsnw9n/eoxSRlVBB4CEtIQ/KTCLI2Fwf3ataSXRhYFkQi3SlnFwPvPQ==",
            "license": "MIT"
        }
    }
}
